
Microsoft Visual Studio Solution File, Format Version 12.00
# Visual Studio Version 17
VisualStudioVersion = 17.8.34322.80
MinimumVisualStudioVersion = 10.0.40219.1
Project("{FAE04EC0-301F-11D3-BF4B-00C04F79EFBC}") = "VjezbaCs", "VjezbaCs.csproj", "{799AFF5C-8ABC-40DA-9502-F2DA6C2DD618}"
EndProject
Project("{FAE04EC0-301F-11D3-BF4B-00C04F79EFBC}") = "WebAPI", "..\WebAPI\WebAPI.csproj", "{B322C8BC-35CA-4D58-A2D6-CFE194980C27}"
EndProject
Global
	GlobalSection(SolutionConfigurationPlatforms) = preSolution
		Debug|Any CPU = Debug|Any CPU
		Release|Any CPU = Release|Any CPU
	EndGlobalSection
	GlobalSection(ProjectConfigurationPlatforms) = postSolution
		{799AFF5C-8ABC-40DA-9502-F2DA6C2DD618}.Debug|Any CPU.ActiveCfg = Debug|Any CPU
		{799AFF5C-8ABC-40DA-9502-F2DA6C2DD618}.Debug|Any CPU.Build.0 = Debug|Any CPU
		{799AFF5C-8ABC-40DA-9502-F2DA6C2DD618}.Release|Any CPU.ActiveCfg = Release|Any CPU
		{799AFF5C-8ABC-40DA-9502-F2DA6C2DD618}.Release|Any CPU.Build.0 = Release|Any CPU
		{B322C8BC-35CA-4D58-A2D6-CFE194980C27}.Debug|Any CPU.ActiveCfg = Debug|Any CPU
		{B322C8BC-35CA-4D58-A2D6-CFE194980C27}.Debug|Any CPU.Build.0 = Debug|Any CPU
		{B322C8BC-35CA-4D58-A2D6-CFE194980C27}.Release|Any CPU.ActiveCfg = Release|Any CPU
		{B322C8BC-35CA-4D58-A2D6-CFE194980C27}.Release|Any CPU.Build.0 = Release|Any CPU
	EndGlobalSection
	GlobalSection(SolutionProperties) = preSolution
		HideSolutionNode = FALSE
	EndGlobalSection
	GlobalSection(ExtensibilityGlobals) = postSolution
		SolutionGuid = {D49D978E-A9A7-4422-85F3-06A208DE0F9B}
	EndGlobalSection
EndGlobal
