
Microsoft Visual Studio Solution File, Format Version 12.00
# Visual Studio Version 17
VisualStudioVersion = 17.9.34622.214
MinimumVisualStudioVersion = 10.0.40219.1
Project("{FAE04EC0-301F-11D3-BF4B-00C04F79EFBC}") = "Konzolna", "Konzolna.csproj", "{C58BBFBD-5C27-4DAF-B664-34E4A18FE337}"
EndProject
Global
	GlobalSection(SolutionConfigurationPlatforms) = preSolution
		Debug|Any CPU = Debug|Any CPU
		Release|Any CPU = Release|Any CPU
	EndGlobalSection
	GlobalSection(ProjectConfigurationPlatforms) = postSolution
		{C58BBFBD-5C27-4DAF-B664-34E4A18FE337}.Debug|Any CPU.ActiveCfg = Debug|Any CPU
		{C58BBFBD-5C27-4DAF-B664-34E4A18FE337}.Debug|Any CPU.Build.0 = Debug|Any CPU
		{C58BBFBD-5C27-4DAF-B664-34E4A18FE337}.Release|Any CPU.ActiveCfg = Release|Any CPU
		{C58BBFBD-5C27-4DAF-B664-34E4A18FE337}.Release|Any CPU.Build.0 = Release|Any CPU
	EndGlobalSection
	GlobalSection(SolutionProperties) = preSolution
		HideSolutionNode = FALSE
	EndGlobalSection
	GlobalSection(ExtensibilityGlobals) = postSolution
		SolutionGuid = {4566A164-9510-47AD-A994-063CACDBA0A6}
	EndGlobalSection
EndGlobal
